// !$*UTF8*$!
{
	archiveVersion = 1;
	classes = {
	};
	objectVersion = 48;
	objects = {

/* Begin PBXBuildFile section */
		B25D8D9E1F91FE7D0039BE0E /* AppDelegate.swift in Sources */ = {isa = PBXBuildFile; fileRef = B25D8D9D1F91FE7D0039BE0E /* AppDelegate.swift */; };
		B25D8DA01F91FE7D0039BE0E /* ViewController.swift in Sources */ = {isa = PBXBuildFile; fileRef = B25D8D9F1F91FE7D0039BE0E /* ViewController.swift */; };
		B25D8DA31F91FE7D0039BE0E /* Main.storyboard in Resources */ = {isa = PBXBuildFile; fileRef = B25D8DA11F91FE7D0039BE0E /* Main.storyboard */; };
		B25D8DA61F91FE7D0039BE0E /* liveSpeech.xcdatamodeld in Sources */ = {isa = PBXBuildFile; fileRef = B25D8DA41F91FE7D0039BE0E /* liveSpeech.xcdatamodeld */; };
		B25D8DA81F91FE7D0039BE0E /* Assets.xcassets in Resources */ = {isa = PBXBuildFile; fileRef = B25D8DA71F91FE7D0039BE0E /* Assets.xcassets */; };
		B25D8DAB1F91FE7D0039BE0E /* LaunchScreen.storyboard in Resources */ = {isa = PBXBuildFile; fileRef = B25D8DA91F91FE7D0039BE0E /* LaunchScreen.storyboard */; };
		B25D8DB61F91FE7D0039BE0E /* liveSpeechTests.swift in Sources */ = {isa = PBXBuildFile; fileRef = B25D8DB51F91FE7D0039BE0E /* liveSpeechTests.swift */; };
/* End PBXBuildFile section */

/* Begin PBXContainerItemProxy section */
		B25D8DB21F91FE7D0039BE0E /* PBXContainerItemProxy */ = {
			isa = PBXContainerItemProxy;
			containerPortal = B25D8D921F91FE7D0039BE0E /* Project object */;
			proxyType = 1;
			remoteGlobalIDString = B25D8D991F91FE7D0039BE0E;
			remoteInfo = liveSpeech;
		};
/* End PBXContainerItemProxy section */

/* Begin PBXFileReference section */
		B25D8D9A1F91FE7D0039BE0E /* liveSpeech.app */ = {isa = PBXFileReference; explicitFileType = wrapper.application; includeInIndex = 0; path = liveSpeech.app; sourceTree = BUILT_PRODUCTS_DIR; };
		B25D8D9D1F91FE7D0039BE0E /* AppDelegate.swift */ = {isa = PBXFileReference; lastKnownFileType = sourcecode.swift; path = AppDelegate.swift; sourceTree = "<group>"; };
		B25D8D9F1F91FE7D0039BE0E /* ViewController.swift */ = {isa = PBXFileReference; lastKnownFileType = sourcecode.swift; path = ViewController.swift; sourceTree = "<group>"; };
		B25D8DA21F91FE7D0039BE0E /* Base */ = {isa = PBXFileReference; lastKnownFileType = file.storyboard; name = Base; path = Base.lproj/Main.storyboard; sourceTree = "<group>"; };
		B25D8DA51F91FE7D0039BE0E /* liveSpeech.xcdatamodel */ = {isa = PBXFileReference; lastKnownFileType = wrapper.xcdatamodel; path = liveSpeech.xcdatamodel; sourceTree = "<group>"; };
		B25D8DA71F91FE7D0039BE0E /* Assets.xcassets */ = {isa = PBXFileReference; lastKnownFileType = folder.assetcatalog; path = Assets.xcassets; sourceTree = "<group>"; };
		B25D8DAA1F91FE7D0039BE0E /* Base */ = {isa = PBXFileReference; lastKnownFileType = file.storyboard; name = Base; path = Base.lproj/LaunchScreen.storyboard; sourceTree = "<group>"; };
		B25D8DAC1F91FE7D0039BE0E /* Info.plist */ = {isa = PBXFileReference; lastKnownFileType = text.plist.xml; path = Info.plist; sourceTree = "<group>"; };
		B25D8DB11F91FE7D0039BE0E /* liveSpeechTests.xctest */ = {isa = PBXFileReference; explicitFileType = wrapper.cfbundle; includeInIndex = 0; path = liveSpeechTests.xctest; sourceTree = BUILT_PRODUCTS_DIR; };
		B25D8DB51F91FE7D0039BE0E /* liveSpeechTests.swift */ = {isa = PBXFileReference; lastKnownFileType = sourcecode.swift; path = liveSpeechTests.swift; sourceTree = "<group>"; };
		B25D8DB71F91FE7D0039BE0E /* Info.plist */ = {isa = PBXFileReference; lastKnownFileType = text.plist.xml; path = Info.plist; sourceTree = "<group>"; };
/* End PBXFileReference section */

/* Begin PBXFrameworksBuildPhase section */
		B25D8D971F91FE7D0039BE0E /* Frameworks */ = {
			isa = PBXFrameworksBuildPhase;
			buildActionMask = 2147483647;
			files = (
			);
			runOnlyForDeploymentPostprocessing = 0;
		};
		B25D8DAE1F91FE7D0039BE0E /* Frameworks */ = {
			isa = PBXFrameworksBuildPhase;
			buildActionMask = 2147483647;
			files = (
			);
			runOnlyForDeploymentPostprocessing = 0;
		};
/* End PBXFrameworksBuildPhase section */

/* Begin PBXGroup section */
		B25D8D911F91FE7D0039BE0E = {
			isa = PBXGroup;
			children = (
				B25D8D9C1F91FE7D0039BE0E /* liveSpeech */,
				B25D8DB41F91FE7D0039BE0E /* liveSpeechTests */,
				B25D8D9B1F91FE7D0039BE0E /* Products */,
			);
			sourceTree = "<group>";
		};
		B25D8D9B1F91FE7D0039BE0E /* Products */ = {
			isa = PBXGroup;
			children = (
				B25D8D9A1F91FE7D0039BE0E /* liveSpeech.app */,
				B25D8DB11F91FE7D0039BE0E /* liveSpeechTests.xctest */,
			);
			name = Products;
			sourceTree = "<group>";
		};
		B25D8D9C1F91FE7D0039BE0E /* liveSpeech */ = {
			isa = PBXGroup;
			children = (
				B25D8D9D1F91FE7D0039BE0E /* AppDelegate.swift */,
				B25D8D9F1F91FE7D0039BE0E /* ViewController.swift */,
				B25D8DA11F91FE7D0039BE0E /* Main.storyboard */,
				B25D8DA71F91FE7D0039BE0E /* Assets.xcassets */,
				B25D8DA91F91FE7D0039BE0E /* LaunchScreen.storyboard */,
				B25D8DAC1F91FE7D0039BE0E /* Info.plist */,
				B25D8DA41F91FE7D0039BE0E /* liveSpeech.xcdatamodeld */,
			);
			path = liveSpeech;
			sourceTree = "<group>";
		};
		B25D8DB41F91FE7D0039BE0E /* liveSpeechTests */ = {
			isa = PBXGroup;
			children = (
				B25D8DB51F91FE7D0039BE0E /* liveSpeechTests.swift */,
				B25D8DB71F91FE7D0039BE0E /* Info.plist */,
			);
			path = liveSpeechTests;
			sourceTree = "<group>";
		};
/* End PBXGroup section */

/* Begin PBXNativeTarget section */
		B25D8D991F91FE7D0039BE0E /* liveSpeech */ = {
			isa = PBXNativeTarget;
			buildConfigurationList = B25D8DBA1F91FE7D0039BE0E /* Build configuration list for PBXNativeTarget "liveSpeech" */;
			buildPhases = (
				B25D8D961F91FE7D0039BE0E /* Sources */,
				B25D8D971F91FE7D0039BE0E /* Frameworks */,
				B25D8D981F91FE7D0039BE0E /* Resources */,
			);
			buildRules = (
			);
			dependencies = (
			);
			name = liveSpeech;
			productName = liveSpeech;
			productReference = B25D8D9A1F91FE7D0039BE0E /* liveSpeech.app */;
			productType = "com.apple.product-type.application";
		};
		B25D8DB01F91FE7D0039BE0E /* liveSpeechTests */ = {
			isa = PBXNativeTarget;
			buildConfigurationList = B25D8DBD1F91FE7D0039BE0E /* Build configuration list for PBXNativeTarget "liveSpeechTests" */;
			buildPhases = (
				B25D8DAD1F91FE7D0039BE0E /* Sources */,
				B25D8DAE1F91FE7D0039BE0E /* Frameworks */,
				B25D8DAF1F91FE7D0039BE0E /* Resources */,
			);
			buildRules = (
			);
			dependencies = (
				B25D8DB31F91FE7D0039BE0E /* PBXTargetDependency */,
			);
			name = liveSpeechTests;
			productName = liveSpeechTests;
			productReference = B25D8DB11F91FE7D0039BE0E /* liveSpeechTests.xctest */;
			productType = "com.apple.product-type.bundle.unit-test";
		};
/* End PBXNativeTarget section */

/* Begin PBXProject section */
		B25D8D921F91FE7D0039BE0E /* Project object */ = {
			isa = PBXProject;
			attributes = {
				LastSwiftUpdateCheck = 0900;
				LastUpgradeCheck = 0900;
				ORGANIZATIONNAME = "Parth Tamane";
				TargetAttributes = {
					B25D8D991F91FE7D0039BE0E = {
						CreatedOnToolsVersion = 9.0;
						ProvisioningStyle = Automatic;
					};
					B25D8DB01F91FE7D0039BE0E = {
						CreatedOnToolsVersion = 9.0;
						ProvisioningStyle = Automatic;
						TestTargetID = B25D8D991F91FE7D0039BE0E;
					};
				};
			};
			buildConfigurationList = B25D8D951F91FE7D0039BE0E /* Build configuration list for PBXProject "liveSpeech" */;
			compatibilityVersion = "Xcode 8.0";
			developmentRegion = en;
			hasScannedForEncodings = 0;
			knownRegions = (
				en,
				Base,
			);
			mainGroup = B25D8D911F91FE7D0039BE0E;
			productRefGroup = B25D8D9B1F91FE7D0039BE0E /* Products */;
			projectDirPath = "";
			projectRoot = "";
			targets = (
				B25D8D991F91FE7D0039BE0E /* liveSpeech */,
				B25D8DB01F91FE7D0039BE0E /* liveSpeechTests */,
			);
		};
/* End PBXProject section */

/* Begin PBXResourcesBuildPhase section */
		B25D8D981F91FE7D0039BE0E /* Resources */ = {
			isa = PBXResourcesBuildPhase;
			buildActionMask = 2147483647;
			files = (
				B25D8DAB1F91FE7D0039BE0E /* LaunchScreen.storyboard in Resources */,
				B25D8DA81F91FE7D0039BE0E /* Assets.xcassets in Resources */,
				B25D8DA31F91FE7D0039BE0E /* Main.storyboard in Resources */,
			);
			runOnlyForDeploymentPostprocessing = 0;
		};
		B25D8DAF1F91FE7D0039BE0E /* Resources */ = {
			isa = PBXResourcesBuildPhase;
			buildActionMask = 2147483647;
			files = (
			);
			runOnlyForDeploymentPostprocessing = 0;
		};
/* End PBXResourcesBuildPhase section */

/* Begin PBXSourcesBuildPhase section */
		B25D8D961F91FE7D0039BE0E /* Sources */ = {
			isa = PBXSourcesBuildPhase;
			buildActionMask = 2147483647;
			files = (
				B25D8DA61F91FE7D0039BE0E /* liveSpeech.xcdatamodeld in Sources */,
				B25D8DA01F91FE7D0039BE0E /* ViewController.swift in Sources */,
				B25D8D9E1F91FE7D0039BE0E /* AppDelegate.swift in Sources */,
			);
			runOnlyForDeploymentPostprocessing = 0;
		};
		B25D8DAD1F91FE7D0039BE0E /* Sources */ = {
			isa = PBXSourcesBuildPhase;
			buildActionMask = 2147483647;
			files = (
				B25D8DB61F91FE7D0039BE0E /* liveSpeechTests.swift in Sources */,
			);
			runOnlyForDeploymentPostprocessing = 0;
		};
/* End PBXSourcesBuildPhase section */

/* Begin PBXTargetDependency section */
		B25D8DB31F91FE7D0039BE0E /* PBXTargetDependency */ = {
			isa = PBXTargetDependency;
			target = B25D8D991F91FE7D0039BE0E /* liveSpeech */;
			targetProxy = B25D8DB21F91FE7D0039BE0E /* PBXContainerItemProxy */;
		};
/* End PBXTargetDependency section */

/* Begin PBXVariantGroup section */
		B25D8DA11F91FE7D0039BE0E /* Main.storyboard */ = {
			isa = PBXVariantGroup;
			children = (
				B25D8DA21F91FE7D0039BE0E /* Base */,
			);
			name = Main.storyboard;
			sourceTree = "<group>";
		};
		B25D8DA91F91FE7D0039BE0E /* LaunchScreen.storyboard */ = {
			isa = PBXVariantGroup;
			children = (
				B25D8DAA1F91FE7D0039BE0E /* Base */,
			);
			name = LaunchScreen.storyboard;
			sourceTree = "<group>";
		};
/* End PBXVariantGroup section */

/* Begin XCBuildConfiguration section */
		B25D8DB81F91FE7D0039BE0E /* Debug */ = {
			isa = XCBuildConfiguration;
			buildSettings = {
				ALWAYS_SEARCH_USER_PATHS = NO;
				CLANG_ANALYZER_NONNULL = YES;
				CLANG_ANALYZER_NUMBER_OBJECT_CONVERSION = YES_AGGRESSIVE;
				CLANG_CXX_LANGUAGE_STANDARD = "gnu++14";
				CLANG_CXX_LIBRARY = "libc++";
				CLANG_ENABLE_MODULES = YES;
				CLANG_ENABLE_OBJC_ARC = YES;
				CLANG_WARN_BLOCK_CAPTURE_AUTORELEASING = YES;
				CLANG_WARN_BOOL_CONVERSION = YES;
				CLANG_WARN_COMMA = YES;
				CLANG_WARN_CONSTANT_CONVERSION = YES;
				CLANG_WARN_DIRECT_OBJC_ISA_USAGE = YES_ERROR;
				CLANG_WARN_DOCUMENTATION_COMMENTS = YES;
				CLANG_WARN_EMPTY_BODY = YES;
				CLANG_WARN_ENUM_CONVERSION = YES;
				CLANG_WARN_INFINITE_RECURSION = YES;
				CLANG_WARN_INT_CONVERSION = YES;
				CLANG_WARN_NON_LITERAL_NULL_CONVERSION = YES;
				CLANG_WARN_OBJC_LITERAL_CONVERSION = YES;
				CLANG_WARN_OBJC_ROOT_CLASS = YES_ERROR;
				CLANG_WARN_RANGE_LOOP_ANALYSIS = YES;
				CLANG_WARN_STRICT_PROTOTYPES = YES;
				CLANG_WARN_SUSPICIOUS_MOVE = YES;
				CLANG_WARN_UNGUARDED_AVAILABILITY = YES_AGGRESSIVE;
				CLANG_WARN_UNREACHABLE_CODE = YES;
				CLANG_WARN__DUPLICATE_METHOD_MATCH = YES;
				CODE_SIGN_IDENTITY = "iPhone Developer";
				COPY_PHASE_STRIP = NO;
				DEBUG_INFORMATION_FORMAT = dwarf;
				ENABLE_STRICT_OBJC_MSGSEND = YES;
				ENABLE_TESTABILITY = YES;
				GCC_C_LANGUAGE_STANDARD = gnu11;
				GCC_DYNAMIC_NO_PIC = NO;
				GCC_NO_COMMON_BLOCKS = YES;
				GCC_OPTIMIZATION_LEVEL = 0;
				GCC_PREPROCESSOR_DEFINITIONS = (
					"DEBUG=1",
					"$(inherited)",
				);
				GCC_WARN_64_TO_32_BIT_CONVERSION = YES;
				GCC_WARN_ABOUT_RETURN_TYPE = YES_ERROR;
				GCC_WARN_UNDECLARED_SELECTOR = YES;
				GCC_WARN_UNINITIALIZED_AUTOS = YES_AGGRESSIVE;
				GCC_WARN_UNUSED_FUNCTION = YES;
				GCC_WARN_UNUSED_VARIABLE = YES;
				IPHONEOS_DEPLOYMENT_TARGET = 11.0;
				MTL_ENABLE_DEBUG_INFO = YES;
				ONLY_ACTIVE_ARCH = YES;
				SDKROOT = iphoneos;
				SWIFT_ACTIVE_COMPILATION_CONDITIONS = DEBUG;
				SWIFT_OPTIMIZATION_LEVEL = "-Onone";
			};
			name = Debug;
		};
		B25D8DB91F91FE7D0039BE0E /* Release */ = {
			isa = XCBuildConfiguration;
			buildSettings = {
				ALWAYS_SEARCH_USER_PATHS = NO;
				CLANG_ANALYZER_NONNULL = YES;
				CLANG_ANALYZER_NUMBER_OBJECT_CONVERSION = YES_AGGRESSIVE;
				CLANG_CXX_LANGUAGE_STANDARD = "gnu++14";
				CLANG_CXX_LIBRARY = "libc++";
				CLANG_ENABLE_MODULES = YES;
				CLANG_ENABLE_OBJC_ARC = YES;
				CLANG_WARN_BLOCK_CAPTURE_AUTORELEASING = YES;
				CLANG_WARN_BOOL_CONVERSION = YES;
				CLANG_WARN_COMMA = YES;
				CLANG_WARN_CONSTANT_CONVERSION = YES;
				CLANG_WARN_DIRECT_OBJC_ISA_USAGE = YES_ERROR;
				CLANG_WARN_DOCUMENTATION_COMMENTS = YES;
				CLANG_WARN_EMPTY_BODY = YES;
				CLANG_WARN_ENUM_CONVERSION = YES;
				CLANG_WARN_INFINITE_RECURSION = YES;
				CLANG_WARN_INT_CONVERSION = YES;
				CLANG_WARN_NON_LITERAL_NULL_CONVERSION = YES;
				CLANG_WARN_OBJC_LITERAL_CONVERSION = YES;
				CLANG_WARN_OBJC_ROOT_CLASS = YES_ERROR;
				CLANG_WARN_RANGE_LOOP_ANALYSIS = YES;
				CLANG_WARN_STRICT_PROTOTYPES = YES;
				CLANG_WARN_SUSPICIOUS_MOVE = YES;
				CLANG_WARN_UNGUARDED_AVAILABILITY = YES_AGGRESSIVE;
				CLANG_WARN_UNREACHABLE_CODE = YES;
				CLANG_WARN__DUPLICATE_METHOD_MATCH = YES;
				CODE_SIGN_IDENTITY = "iPhone Developer";
				COPY_PHASE_STRIP = NO;
				DEBUG_INFORMATION_FORMAT = "dwarf-with-dsym";
				ENABLE_NS_ASSERTIONS = NO;
				ENABLE_STRICT_OBJC_MSGSEND = YES;
				GCC_C_LANGUAGE_STANDARD = gnu11;
				GCC_NO_COMMON_BLOCKS = YES;
				GCC_WARN_64_TO_32_BIT_CONVERSION = YES;
				GCC_WARN_ABOUT_RETURN_TYPE = YES_ERROR;
				GCC_WARN_UNDECLARED_SELECTOR = YES;
				GCC_WARN_UNINITIALIZED_AUTOS = YES_AGGRESSIVE;
				GCC_WARN_UNUSED_FUNCTION = YES;
				GCC_WARN_UNUSED_VARIABLE = YES;
				IPHONEOS_DEPLOYMENT_TARGET = 11.0;
				MTL_ENABLE_DEBUG_INFO = NO;
				SDKROOT = iphoneos;
				SWIFT_OPTIMIZATION_LEVEL = "-Owholemodule";
				VALIDATE_PRODUCT = YES;
			};
			name = Release;
		};
		B25D8DBB1F91FE7D0039BE0E /* Debug */ = {
			isa = XCBuildConfiguration;
			buildSettings = {
				ASSETCATALOG_COMPILER_APPICON_NAME = AppIcon;
				CODE_SIGN_STYLE = Automatic;
				DEVELOPMENT_TEAM = U4985LT7P8;
				INFOPLIST_FILE = liveSpeech/Info.plist;
				IPHONEOS_DEPLOYMENT_TARGET = 10.0;
				LD_RUNPATH_SEARCH_PATHS = "$(inherited) @executable_path/Frameworks";
				PRODUCT_BUNDLE_IDENTIFIER = com.parthtamane.liveSpeech;
				PRODUCT_NAME = "$(TARGET_NAME)";
				SWIFT_VERSION = 4.0;
				TARGETED_DEVICE_FAMILY = "1,2";
			};
			name = Debug;
		};
		B25D8DBC1F91FE7D0039BE0E /* Release */ = {
			isa = XCBuildConfiguration;
			buildSettings = {
				ASSETCATALOG_COMPILER_APPICON_NAME = AppIcon;
				CODE_SIGN_STYLE = Automatic;
				DEVELOPMENT_TEAM = U4985LT7P8;
				INFOPLIST_FILE = liveSpeech/Info.plist;
				IPHONEOS_DEPLOYMENT_TARGET = 10.0;
				LD_RUNPATH_SEARCH_PATHS = "$(inherited) @executable_path/Frameworks";
				PRODUCT_BUNDLE_IDENTIFIER = com.parthtamane.liveSpeech;
				PRODUCT_NAME = "$(TARGET_NAME)";
				SWIFT_VERSION = 4.0;
				TARGETED_DEVICE_FAMILY = "1,2";
			};
			name = Release;
		};
		B25D8DBE1F91FE7D0039BE0E /* Debug */ = {
			isa = XCBuildConfiguration;
			buildSettings = {
				ALWAYS_EMBED_SWIFT_STANDARD_LIBRARIES = YES;
				BUNDLE_LOADER = "$(TEST_HOST)";
				CODE_SIGN_STYLE = Automatic;
				DEVELOPMENT_TEAM = U4985LT7P8;
				INFOPLIST_FILE = liveSpeechTests/Info.plist;
				LD_RUNPATH_SEARCH_PATHS = "$(inherited) @executable_path/Frameworks @loader_path/Frameworks";
				PRODUCT_BUNDLE_IDENTIFIER = com.parthtamane.liveSpeechTests;
				PRODUCT_NAME = "$(TARGET_NAME)";
				SWIFT_VERSION = 4.0;
				TARGETED_DEVICE_FAMILY = "1,2";
				TEST_HOST = "$(BUILT_PRODUCTS_DIR)/liveSpeech.app/liveSpeech";
			};
			name = Debug;
		};
		B25D8DBF1F91FE7D0039BE0E /* Release */ = {
			isa = XCBuildConfiguration;
			buildSettings = {
				ALWAYS_EMBED_SWIFT_STANDARD_LIBRARIES = YES;
				BUNDLE_LOADER = "$(TEST_HOST)";
				CODE_SIGN_STYLE = Automatic;
				DEVELOPMENT_TEAM = U4985LT7P8;
				INFOPLIST_FILE = liveSpeechTests/Info.plist;
				LD_RUNPATH_SEARCH_PATHS = "$(inherited) @executable_path/Frameworks @loader_path/Frameworks";
				PRODUCT_BUNDLE_IDENTIFIER = com.parthtamane.liveSpeechTests;
				PRODUCT_NAME = "$(TARGET_NAME)";
				SWIFT_VERSION = 4.0;
				TARGETED_DEVICE_FAMILY = "1,2";
				TEST_HOST = "$(BUILT_PRODUCTS_DIR)/liveSpeech.app/liveSpeech";
			};
			name = Release;
		};
/* End XCBuildConfiguration section */

/* Begin XCConfigurationList section */
		B25D8D951F91FE7D0039BE0E /* Build configuration list for PBXProject "liveSpeech" */ = {
			isa = XCConfigurationList;
			buildConfigurations = (
				B25D8DB81F91FE7D0039BE0E /* Debug */,
				B25D8DB91F91FE7D0039BE0E /* Release */,
			);
			defaultConfigurationIsVisible = 0;
			defaultConfigurationName = Release;
		};
		B25D8DBA1F91FE7D0039BE0E /* Build configuration list for PBXNativeTarget "liveSpeech" */ = {
			isa = XCConfigurationList;
			buildConfigurations = (
				B25D8DBB1F91FE7D0039BE0E /* Debug */,
				B25D8DBC1F91FE7D0039BE0E /* Release */,
			);
			defaultConfigurationIsVisible = 0;
			defaultConfigurationName = Release;
		};
		B25D8DBD1F91FE7D0039BE0E /* Build configuration list for PBXNativeTarget "liveSpeechTests" */ = {
			isa = XCConfigurationList;
			buildConfigurations = (
				B25D8DBE1F91FE7D0039BE0E /* Debug */,
				B25D8DBF1F91FE7D0039BE0E /* Release */,
			);
			defaultConfigurationIsVisible = 0;
			defaultConfigurationName = Release;
		};
/* End XCConfigurationList section */

/* Begin XCVersionGroup section */
		B25D8DA41F91FE7D0039BE0E /* liveSpeech.xcdatamodeld */ = {
			isa = XCVersionGroup;
			children = (
				B25D8DA51F91FE7D0039BE0E /* liveSpeech.xcdatamodel */,
			);
			currentVersion = B25D8DA51F91FE7D0039BE0E /* liveSpeech.xcdatamodel */;
			path = liveSpeech.xcdatamodeld;
			sourceTree = "<group>";
			versionGroupType = wrapper.xcdatamodel;
		};
/* End XCVersionGroup section */
	};
	rootObject = B25D8D921F91FE7D0039BE0E /* Project object */;
}
